
Microsoft Visual Studio Solution File, Format Version 12.00
# Visual Studio Version 17
VisualStudioVersion = 17.11.35219.272
MinimumVisualStudioVersion = 10.0.40219.1
Project("{FAE04EC0-301F-11D3-BF4B-00C04F79EFBC}") = "Kirill", "Kirill\Kirill.csproj", "{B5B17C4E-0386-412A-B7DE-C7F207E31A6D}"
EndProject
Global
	GlobalSection(SolutionConfigurationPlatforms) = preSolution
		Debug|Any CPU = Debug|Any CPU
		Release|Any CPU = Release|Any CPU
	EndGlobalSection
	GlobalSection(ProjectConfigurationPlatforms) = postSolution
		{B5B17C4E-0386-412A-B7DE-C7F207E31A6D}.Debug|Any CPU.ActiveCfg = Debug|Any CPU
		{B5B17C4E-0386-412A-B7DE-C7F207E31A6D}.Debug|Any CPU.Build.0 = Debug|Any CPU
		{B5B17C4E-0386-412A-B7DE-C7F207E31A6D}.Release|Any CPU.ActiveCfg = Release|Any CPU
		{B5B17C4E-0386-412A-B7DE-C7F207E31A6D}.Release|Any CPU.Build.0 = Release|Any CPU
	EndGlobalSection
	GlobalSection(SolutionProperties) = preSolution
		HideSolutionNode = FALSE
	EndGlobalSection
	GlobalSection(ExtensibilityGlobals) = postSolution
		SolutionGuid = {6DEFBB02-E8FF-4671-B47E-649DC4D0754E}
	EndGlobalSection
EndGlobal
